
Microsoft Visual Studio Solution File, Format Version 12.00
# Visual Studio Version 17
VisualStudioVersion = 17.0.31903.59
MinimumVisualStudioVersion = 10.0.40219.1
Project("{FAE04EC0-301F-11D3-BF4B-00C04F79EFBC}") = "API", "API\API.csproj", "{8359139A-10C0-4E2D-99EF-9F0E7BFAA958}"
EndProject
Project("{FAE04EC0-301F-11D3-BF4B-00C04F79EFBC}") = "Core", "Core\Core.csproj", "{76EC563C-5189-46A7-8AEF-4015A84BF7B8}"
EndProject
Project("{FAE04EC0-301F-11D3-BF4B-00C04F79EFBC}") = "Infrastructure", "Infrastructure\Infrastructure.csproj", "{AA509F2B-857A-4204-A421-DF774D08D304}"
EndProject
Global
	GlobalSection(SolutionConfigurationPlatforms) = preSolution
		Debug|Any CPU = Debug|Any CPU
		Release|Any CPU = Release|Any CPU
	EndGlobalSection
	GlobalSection(SolutionProperties) = preSolution
		HideSolutionNode = FALSE
	EndGlobalSection
	GlobalSection(ProjectConfigurationPlatforms) = postSolution
		{8359139A-10C0-4E2D-99EF-9F0E7BFAA958}.Debug|Any CPU.ActiveCfg = Debug|Any CPU
		{8359139A-10C0-4E2D-99EF-9F0E7BFAA958}.Debug|Any CPU.Build.0 = Debug|Any CPU
		{8359139A-10C0-4E2D-99EF-9F0E7BFAA958}.Release|Any CPU.ActiveCfg = Release|Any CPU
		{8359139A-10C0-4E2D-99EF-9F0E7BFAA958}.Release|Any CPU.Build.0 = Release|Any CPU
		{76EC563C-5189-46A7-8AEF-4015A84BF7B8}.Debug|Any CPU.ActiveCfg = Debug|Any CPU
		{76EC563C-5189-46A7-8AEF-4015A84BF7B8}.Debug|Any CPU.Build.0 = Debug|Any CPU
		{76EC563C-5189-46A7-8AEF-4015A84BF7B8}.Release|Any CPU.ActiveCfg = Release|Any CPU
		{76EC563C-5189-46A7-8AEF-4015A84BF7B8}.Release|Any CPU.Build.0 = Release|Any CPU
		{AA509F2B-857A-4204-A421-DF774D08D304}.Debug|Any CPU.ActiveCfg = Debug|Any CPU
		{AA509F2B-857A-4204-A421-DF774D08D304}.Debug|Any CPU.Build.0 = Debug|Any CPU
		{AA509F2B-857A-4204-A421-DF774D08D304}.Release|Any CPU.ActiveCfg = Release|Any CPU
		{AA509F2B-857A-4204-A421-DF774D08D304}.Release|Any CPU.Build.0 = Release|Any CPU
	EndGlobalSection
EndGlobal
